{
  "nodes": {
    "nixpkgs": {
      "inputs": {
        "nixpkgs": "nixpkgs_2"
      },
      "locked": {
        "lastModified": 1789038758,
        "narHash": "sha256-gAS2WedySJfCD9g9xBS2GkcDZIVBe8N9pww+qzC4yI8=",
        "owner": "nix-ocaml",
        "repo": "nix-overlays",
        "rev": "841dea761ff7a49c02ad0585a9c2fff9d447e823",
        "type": "github"
      },
      "original": {
        "owner": "nix-ocaml",
        "repo": "nix-overlays",
        "type": "github"
      }
    },
    "nixpkgs_2": {
      "locked": {
        "lastModified": 1789034407,
        "narHash": "sha256-7X4GZ0KK5qHF9lppR9IlfXShYGcxxw1Kcjj8m5+19H0=",
        "owner": "NixOS",
        "repo": "nixpkgs",
        "rev": "3824e02a19d7dccf95c30aa1cab8c857323d2201",
        "type": "github"
      },
      "original": {
        "owner": "NixOS",
        "repo": "nixpkgs",
        "rev": "3824e02a19d7dccf95c30aa1cab8c857323d2201",
        "type": "github"
      }
    },
    "root": {
      "inputs": {
        "nixpkgs": "nixpkgs",
        "treefmt-nix": "treefmt-nix"
      }
    },
    "treefmt-nix": {
      "inputs": {
        "nixpkgs": [
          "nixpkgs"
        ]
      },
      "locked": {
        "lastModified": 1786901030,
        "narHash": "sha256-WSFCsDSE5ffgD2MqzkM2CYjeFiKhRF/dJUN8uedb6YE=",
        "owner": "numtide",
        "repo": "treefmt-nix",
        "rev": "27b3b12a8e6375f28ebe122f07d230ca5459bbfa",
        "type": "github"
      },
      "original": {
        "owner": "numtide",
        "repo": "treefmt-nix",
        "type": "github"
      }
    }
  },
  "root": "root",
  "version": 7
}
